
Microsoft Visual Studio Solution File, Format Version 12.00
# Visual Studio 14
VisualStudioVersion = 14.0.25420.1
MinimumVisualStudioVersion = 10.0.40219.1
Project("{FAE04EC0-301F-11D3-BF4B-00C04F79EFBC}") = "MyRestaurantApp", "MyRestaurantApp\MyRestaurantApp\MyRestaurantApp.csproj", "{9AB8CBA5-31B2-4701-B1DF-548C7ACC63B5}"
EndProject
Project("{FAE04EC0-301F-11D3-BF4B-00C04F79EFBC}") = "MyRestaurantApp.Droid", "MyRestaurantApp\MyRestaurantApp.Droid\MyRestaurantApp.Droid.csproj", "{37C37F82-D8AB-4304-A41A-3D85E86AE583}"
EndProject
Project("{FAE04EC0-301F-11D3-BF4B-00C04F79EFBC}") = "MyRestaurantApp.iOS", "MyRestaurantApp\MyRestaurantApp.iOS\MyRestaurantApp.iOS.csproj", "{7C66587C-A08B-4B28-9F8F-38F312E3A39B}"
EndProject
Project("{FAE04EC0-301F-11D3-BF4B-00C04F79EFBC}") = "MyRestaurantApp.WinPhone", "MyRestaurantApp\MyRestaurantApp.WinPhone\MyRestaurantApp.WinPhone.csproj", "{35CF52FB-2981-4267-937B-24A145532AFE}"
EndProject
Project("{FAE04EC0-301F-11D3-BF4B-00C04F79EFBC}") = "MyRestaurantApp.UWP", "MyRestaurantApp\MyRestaurantApp.UWP\MyRestaurantApp.UWP.csproj", "{F790A89B-3EB8-4BCA-BF9A-772A43973637}"
EndProject
Project("{FAE04EC0-301F-11D3-BF4B-00C04F79EFBC}") = "MyRestaurantApp.Windows", "MyRestaurantApp\MyRestaurantApp.Windows\MyRestaurantApp.Windows.csproj", "{B019B1B9-5414-4A29-9739-F13BB9D33E5F}"
EndProject
Global
	GlobalSection(SolutionConfigurationPlatforms) = preSolution
		Ad-Hoc|Any CPU = Ad-Hoc|Any CPU
		Ad-Hoc|ARM = Ad-Hoc|ARM
		Ad-Hoc|iPhone = Ad-Hoc|iPhone
		Ad-Hoc|iPhoneSimulator = Ad-Hoc|iPhoneSimulator
		Ad-Hoc|x64 = Ad-Hoc|x64
		Ad-Hoc|x86 = Ad-Hoc|x86
		AppStore|Any CPU = AppStore|Any CPU
		AppStore|ARM = AppStore|ARM
		AppStore|iPhone = AppStore|iPhone
		AppStore|iPhoneSimulator = AppStore|iPhoneSimulator
		AppStore|x64 = AppStore|x64
		AppStore|x86 = AppStore|x86
		Debug|Any CPU = Debug|Any CPU
		Debug|ARM = Debug|ARM
		Debug|iPhone = Debug|iPhone
		Debug|iPhoneSimulator = Debug|iPhoneSimulator
		Debug|x64 = Debug|x64
		Debug|x86 = Debug|x86
		Release|Any CPU = Release|Any CPU
		Release|ARM = Release|ARM
		Release|iPhone = Release|iPhone
		Release|iPhoneSimulator = Release|iPhoneSimulator
		Release|x64 = Release|x64
		Release|x86 = Release|x86
	EndGlobalSection
	GlobalSection(ProjectConfigurationPlatforms) = postSolution
		{9AB8CBA5-31B2-4701-B1DF-548C7ACC63B5}.Ad-Hoc|Any CPU.ActiveCfg = Release|Any CPU
		{9AB8CBA5-31B2-4701-B1DF-548C7ACC63B5}.Ad-Hoc|Any CPU.Build.0 = Release|Any CPU
		{9AB8CBA5-31B2-4701-B1DF-548C7ACC63B5}.Ad-Hoc|ARM.ActiveCfg = Release|Any CPU
		{9AB8CBA5-31B2-4701-B1DF-548C7ACC63B5}.Ad-Hoc|ARM.Build.0 = Release|Any CPU
		{9AB8CBA5-31B2-4701-B1DF-548C7ACC63B5}.Ad-Hoc|iPhone.ActiveCfg = Release|Any CPU
		{9AB8CBA5-31B2-4701-B1DF-548C7ACC63B5}.Ad-Hoc|iPhone.Build.0 = Release|Any CPU
		{9AB8CBA5-31B2-4701-B1DF-548C7ACC63B5}.Ad-Hoc|iPhoneSimulator.ActiveCfg = Release|Any CPU
		{9AB8CBA5-31B2-4701-B1DF-548C7ACC63B5}.Ad-Hoc|iPhoneSimulator.Build.0 = Release|Any CPU
		{9AB8CBA5-31B2-4701-B1DF-548C7ACC63B5}.Ad-Hoc|x64.ActiveCfg = Release|Any CPU
		{9AB8CBA5-31B2-4701-B1DF-548C7ACC63B5}.Ad-Hoc|x64.Build.0 = Release|Any CPU
		{9AB8CBA5-31B2-4701-B1DF-548C7ACC63B5}.Ad-Hoc|x86.ActiveCfg = Release|Any CPU
		{9AB8CBA5-31B2-4701-B1DF-548C7ACC63B5}.Ad-Hoc|x86.Build.0 = Release|Any CPU
		{9AB8CBA5-31B2-4701-B1DF-548C7ACC63B5}.AppStore|Any CPU.ActiveCfg = Release|Any CPU
		{9AB8CBA5-31B2-4701-B1DF-548C7ACC63B5}.AppStore|Any CPU.Build.0 = Release|Any CPU
		{9AB8CBA5-31B2-4701-B1DF-548C7ACC63B5}.AppStore|ARM.ActiveCfg = Release|Any CPU
		{9AB8CBA5-31B2-4701-B1DF-548C7ACC63B5}.AppStore|ARM.Build.0 = Release|Any CPU
		{9AB8CBA5-31B2-4701-B1DF-548C7ACC63B5}.AppStore|iPhone.ActiveCfg = Release|Any CPU
		{9AB8CBA5-31B2-4701-B1DF-548C7ACC63B5}.AppStore|iPhone.Build.0 = Release|Any CPU
		{9AB8CBA5-31B2-4701-B1DF-548C7ACC63B5}.AppStore|iPhoneSimulator.ActiveCfg = Release|Any CPU
		{9AB8CBA5-31B2-4701-B1DF-548C7ACC63B5}.AppStore|iPhoneSimulator.Build.0 = Release|Any CPU
		{9AB8CBA5-31B2-4701-B1DF-548C7ACC63B5}.AppStore|x64.ActiveCfg = Release|Any CPU
		{9AB8CBA5-31B2-4701-B1DF-548C7ACC63B5}.AppStore|x64.Build.0 = Release|Any CPU
		{9AB8CBA5-31B2-4701-B1DF-548C7ACC63B5}.AppStore|x86.ActiveCfg = Release|Any CPU
		{9AB8CBA5-31B2-4701-B1DF-548C7ACC63B5}.AppStore|x86.Build.0 = Release|Any CPU
		{9AB8CBA5-31B2-4701-B1DF-548C7ACC63B5}.Debug|Any CPU.ActiveCfg = Debug|Any CPU
		{9AB8CBA5-31B2-4701-B1DF-548C7ACC63B5}.Debug|Any CPU.Build.0 = Debug|Any CPU
		{9AB8CBA5-31B2-4701-B1DF-548C7ACC63B5}.Debug|ARM.ActiveCfg = Debug|Any CPU
		{9AB8CBA5-31B2-4701-B1DF-548C7ACC63B5}.Debug|ARM.Build.0 = Debug|Any CPU
		{9AB8CBA5-31B2-4701-B1DF-548C7ACC63B5}.Debug|iPhone.ActiveCfg = Debug|Any CPU
		{9AB8CBA5-31B2-4701-B1DF-548C7ACC63B5}.Debug|iPhone.Build.0 = Debug|Any CPU
		{9AB8CBA5-31B2-4701-B1DF-548C7ACC63B5}.Debug|iPhoneSimulator.ActiveCfg = Debug|Any CPU
		{9AB8CBA5-31B2-4701-B1DF-548C7ACC63B5}.Debug|iPhoneSimulator.Build.0 = Debug|Any CPU
		{9AB8CBA5-31B2-4701-B1DF-548C7ACC63B5}.Debug|x64.ActiveCfg = Debug|Any CPU
		{9AB8CBA5-31B2-4701-B1DF-548C7ACC63B5}.Debug|x64.Build.0 = Debug|Any CPU
		{9AB8CBA5-31B2-4701-B1DF-548C7ACC63B5}.Debug|x86.ActiveCfg = Debug|Any CPU
		{9AB8CBA5-31B2-4701-B1DF-548C7ACC63B5}.Debug|x86.Build.0 = Debug|Any CPU
		{9AB8CBA5-31B2-4701-B1DF-548C7ACC63B5}.Release|Any CPU.ActiveCfg = Release|Any CPU
		{9AB8CBA5-31B2-4701-B1DF-548C7ACC63B5}.Release|Any CPU.Build.0 = Release|Any CPU
		{9AB8CBA5-31B2-4701-B1DF-548C7ACC63B5}.Release|ARM.ActiveCfg = Release|Any CPU
		{9AB8CBA5-31B2-4701-B1DF-548C7ACC63B5}.Release|ARM.Build.0 = Release|Any CPU
		{9AB8CBA5-31B2-4701-B1DF-548C7ACC63B5}.Release|iPhone.ActiveCfg = Release|Any CPU
		{9AB8CBA5-31B2-4701-B1DF-548C7ACC63B5}.Release|iPhone.Build.0 = Release|Any CPU
		{9AB8CBA5-31B2-4701-B1DF-548C7ACC63B5}.Release|iPhoneSimulator.ActiveCfg = Release|Any CPU
		{9AB8CBA5-31B2-4701-B1DF-548C7ACC63B5}.Release|iPhoneSimulator.Build.0 = Release|Any CPU
		{9AB8CBA5-31B2-4701-B1DF-548C7ACC63B5}.Release|x64.ActiveCfg = Release|Any CPU
		{9AB8CBA5-31B2-4701-B1DF-548C7ACC63B5}.Release|x64.Build.0 = Release|Any CPU
		{9AB8CBA5-31B2-4701-B1DF-548C7ACC63B5}.Release|x86.ActiveCfg = Release|Any CPU
		{9AB8CBA5-31B2-4701-B1DF-548C7ACC63B5}.Release|x86.Build.0 = Release|Any CPU
		{37C37F82-D8AB-4304-A41A-3D85E86AE583}.Ad-Hoc|Any CPU.ActiveCfg = Release|Any CPU
		{37C37F82-D8AB-4304-A41A-3D85E86AE583}.Ad-Hoc|Any CPU.Build.0 = Release|Any CPU
		{37C37F82-D8AB-4304-A41A-3D85E86AE583}.Ad-Hoc|Any CPU.Deploy.0 = Release|Any CPU
		{37C37F82-D8AB-4304-A41A-3D85E86AE583}.Ad-Hoc|ARM.ActiveCfg = Release|Any CPU
		{37C37F82-D8AB-4304-A41A-3D85E86AE583}.Ad-Hoc|ARM.Build.0 = Release|Any CPU
		{37C37F82-D8AB-4304-A41A-3D85E86AE583}.Ad-Hoc|ARM.Deploy.0 = Release|Any CPU
		{37C37F82-D8AB-4304-A41A-3D85E86AE583}.Ad-Hoc|iPhone.ActiveCfg = Release|Any CPU
		{37C37F82-D8AB-4304-A41A-3D85E86AE583}.Ad-Hoc|iPhone.Build.0 = Release|Any CPU
		{37C37F82-D8AB-4304-A41A-3D85E86AE583}.Ad-Hoc|iPhone.Deploy.0 = Release|Any CPU
		{37C37F82-D8AB-4304-A41A-3D85E86AE583}.Ad-Hoc|iPhoneSimulator.ActiveCfg = Release|Any CPU
		{37C37F82-D8AB-4304-A41A-3D85E86AE583}.Ad-Hoc|iPhoneSimulator.Build.0 = Release|Any CPU
		{37C37F82-D8AB-4304-A41A-3D85E86AE583}.Ad-Hoc|iPhoneSimulator.Deploy.0 = Release|Any CPU
		{37C37F82-D8AB-4304-A41A-3D85E86AE583}.Ad-Hoc|x64.ActiveCfg = Release|Any CPU
		{37C37F82-D8AB-4304-A41A-3D85E86AE583}.Ad-Hoc|x64.Build.0 = Release|Any CPU
		{37C37F82-D8AB-4304-A41A-3D85E86AE583}.Ad-Hoc|x64.Deploy.0 = Release|Any CPU
		{37C37F82-D8AB-4304-A41A-3D85E86AE583}.Ad-Hoc|x86.ActiveCfg = Release|Any CPU
		{37C37F82-D8AB-4304-A41A-3D85E86AE583}.Ad-Hoc|x86.Build.0 = Release|Any CPU
		{37C37F82-D8AB-4304-A41A-3D85E86AE583}.Ad-Hoc|x86.Deploy.0 = Release|Any CPU
		{37C37F82-D8AB-4304-A41A-3D85E86AE583}.AppStore|Any CPU.ActiveCfg = Release|Any CPU
		{37C37F82-D8AB-4304-A41A-3D85E86AE583}.AppStore|Any CPU.Build.0 = Release|Any CPU
		{37C37F82-D8AB-4304-A41A-3D85E86AE583}.AppStore|Any CPU.Deploy.0 = Release|Any CPU
		{37C37F82-D8AB-4304-A41A-3D85E86AE583}.AppStore|ARM.ActiveCfg = Release|Any CPU
		{37C37F82-D8AB-4304-A41A-3D85E86AE583}.AppStore|ARM.Build.0 = Release|Any CPU
		{37C37F82-D8AB-4304-A41A-3D85E86AE583}.AppStore|ARM.Deploy.0 = Release|Any CPU
		{37C37F82-D8AB-4304-A41A-3D85E86AE583}.AppStore|iPhone.ActiveCfg = Release|Any CPU
		{37C37F82-D8AB-4304-A41A-3D85E86AE583}.AppStore|iPhone.Build.0 = Release|Any CPU
		{37C37F82-D8AB-4304-A41A-3D85E86AE583}.AppStore|iPhone.Deploy.0 = Release|Any CPU
		{37C37F82-D8AB-4304-A41A-3D85E86AE583}.AppStore|iPhoneSimulator.ActiveCfg = Release|Any CPU
		{37C37F82-D8AB-4304-A41A-3D85E86AE583}.AppStore|iPhoneSimulator.Build.0 = Release|Any CPU
		{37C37F82-D8AB-4304-A41A-3D85E86AE583}.AppStore|iPhoneSimulator.Deploy.0 = Release|Any CPU
		{37C37F82-D8AB-4304-A41A-3D85E86AE583}.AppStore|x64.ActiveCfg = Release|Any CPU
		{37C37F82-D8AB-4304-A41A-3D85E86AE583}.AppStore|x64.Build.0 = Release|Any CPU
		{37C37F82-D8AB-4304-A41A-3D85E86AE583}.AppStore|x64.Deploy.0 = Release|Any CPU
		{37C37F82-D8AB-4304-A41A-3D85E86AE583}.AppStore|x86.ActiveCfg = Release|Any CPU
		{37C37F82-D8AB-4304-A41A-3D85E86AE583}.AppStore|x86.Build.0 = Release|Any CPU
		{37C37F82-D8AB-4304-A41A-3D85E86AE583}.AppStore|x86.Deploy.0 = Release|Any CPU
		{37C37F82-D8AB-4304-A41A-3D85E86AE583}.Debug|Any CPU.ActiveCfg = Debug|Any CPU
		{37C37F82-D8AB-4304-A41A-3D85E86AE583}.Debug|Any CPU.Build.0 = Debug|Any CPU
		{37C37F82-D8AB-4304-A41A-3D85E86AE583}.Debug|Any CPU.Deploy.0 = Debug|Any CPU
		{37C37F82-D8AB-4304-A41A-3D85E86AE583}.Debug|ARM.ActiveCfg = Debug|Any CPU
		{37C37F82-D8AB-4304-A41A-3D85E86AE583}.Debug|ARM.Build.0 = Debug|Any CPU
		{37C37F82-D8AB-4304-A41A-3D85E86AE583}.Debug|ARM.Deploy.0 = Debug|Any CPU
		{37C37F82-D8AB-4304-A41A-3D85E86AE583}.Debug|iPhone.ActiveCfg = Debug|Any CPU
		{37C37F82-D8AB-4304-A41A-3D85E86AE583}.Debug|iPhone.Build.0 = Debug|Any CPU
		{37C37F82-D8AB-4304-A41A-3D85E86AE583}.Debug|iPhone.Deploy.0 = Debug|Any CPU
		{37C37F82-D8AB-4304-A41A-3D85E86AE583}.Debug|iPhoneSimulator.ActiveCfg = Debug|Any CPU
		{37C37F82-D8AB-4304-A41A-3D85E86AE583}.Debug|iPhoneSimulator.Build.0 = Debug|Any CPU
		{37C37F82-D8AB-4304-A41A-3D85E86AE583}.Debug|iPhoneSimulator.Deploy.0 = Debug|Any CPU
		{37C37F82-D8AB-4304-A41A-3D85E86AE583}.Debug|x64.ActiveCfg = Debug|Any CPU
		{37C37F82-D8AB-4304-A41A-3D85E86AE583}.Debug|x64.Build.0 = Debug|Any CPU
		{37C37F82-D8AB-4304-A41A-3D85E86AE583}.Debug|x64.Deploy.0 = Debug|Any CPU
		{37C37F82-D8AB-4304-A41A-3D85E86AE583}.Debug|x86.ActiveCfg = Debug|Any CPU
		{37C37F82-D8AB-4304-A41A-3D85E86AE583}.Debug|x86.Build.0 = Debug|Any CPU
		{37C37F82-D8AB-4304-A41A-3D85E86AE583}.Debug|x86.Deploy.0 = Debug|Any CPU
		{37C37F82-D8AB-4304-A41A-3D85E86AE583}.Release|Any CPU.ActiveCfg = Release|Any CPU
		{37C37F82-D8AB-4304-A41A-3D85E86AE583}.Release|Any CPU.Build.0 = Release|Any CPU
		{37C37F82-D8AB-4304-A41A-3D85E86AE583}.Release|Any CPU.Deploy.0 = Release|Any CPU
		{37C37F82-D8AB-4304-A41A-3D85E86AE583}.Release|ARM.ActiveCfg = Release|Any CPU
		{37C37F82-D8AB-4304-A41A-3D85E86AE583}.Release|ARM.Build.0 = Release|Any CPU
		{37C37F82-D8AB-4304-A41A-3D85E86AE583}.Release|ARM.Deploy.0 = Release|Any CPU
		{37C37F82-D8AB-4304-A41A-3D85E86AE583}.Release|iPhone.ActiveCfg = Release|Any CPU
		{37C37F82-D8AB-4304-A41A-3D85E86AE583}.Release|iPhone.Build.0 = Release|Any CPU
		{37C37F82-D8AB-4304-A41A-3D85E86AE583}.Release|iPhone.Deploy.0 = Release|Any CPU
		{37C37F82-D8AB-4304-A41A-3D85E86AE583}.Release|iPhoneSimulator.ActiveCfg = Release|Any CPU
		{37C37F82-D8AB-4304-A41A-3D85E86AE583}.Release|iPhoneSimulator.Build.0 = Release|Any CPU
		{37C37F82-D8AB-4304-A41A-3D85E86AE583}.Release|iPhoneSimulator.Deploy.0 = Release|Any CPU
		{37C37F82-D8AB-4304-A41A-3D85E86AE583}.Release|x64.ActiveCfg = Release|Any CPU
		{37C37F82-D8AB-4304-A41A-3D85E86AE583}.Release|x64.Build.0 = Release|Any CPU
		{37C37F82-D8AB-4304-A41A-3D85E86AE583}.Release|x64.Deploy.0 = Release|Any CPU
		{37C37F82-D8AB-4304-A41A-3D85E86AE583}.Release|x86.ActiveCfg = Release|Any CPU
		{37C37F82-D8AB-4304-A41A-3D85E86AE583}.Release|x86.Build.0 = Release|Any CPU
		{37C37F82-D8AB-4304-A41A-3D85E86AE583}.Release|x86.Deploy.0 = Release|Any CPU
		{7C66587C-A08B-4B28-9F8F-38F312E3A39B}.Ad-Hoc|Any CPU.ActiveCfg = Ad-Hoc|iPhone
		{7C66587C-A08B-4B28-9F8F-38F312E3A39B}.Ad-Hoc|ARM.ActiveCfg = Ad-Hoc|iPhone
		{7C66587C-A08B-4B28-9F8F-38F312E3A39B}.Ad-Hoc|iPhone.ActiveCfg = Ad-Hoc|iPhone
		{7C66587C-A08B-4B28-9F8F-38F312E3A39B}.Ad-Hoc|iPhone.Build.0 = Ad-Hoc|iPhone
		{7C66587C-A08B-4B28-9F8F-38F312E3A39B}.Ad-Hoc|iPhoneSimulator.ActiveCfg = Ad-Hoc|iPhoneSimulator
		{7C66587C-A08B-4B28-9F8F-38F312E3A39B}.Ad-Hoc|iPhoneSimulator.Build.0 = Ad-Hoc|iPhoneSimulator
		{7C66587C-A08B-4B28-9F8F-38F312E3A39B}.Ad-Hoc|x64.ActiveCfg = Ad-Hoc|iPhone
		{7C66587C-A08B-4B28-9F8F-38F312E3A39B}.Ad-Hoc|x86.ActiveCfg = Ad-Hoc|iPhone
		{7C66587C-A08B-4B28-9F8F-38F312E3A39B}.AppStore|Any CPU.ActiveCfg = AppStore|iPhone
		{7C66587C-A08B-4B28-9F8F-38F312E3A39B}.AppStore|ARM.ActiveCfg = AppStore|iPhone
		{7C66587C-A08B-4B28-9F8F-38F312E3A39B}.AppStore|iPhone.ActiveCfg = AppStore|iPhone
		{7C66587C-A08B-4B28-9F8F-38F312E3A39B}.AppStore|iPhone.Build.0 = AppStore|iPhone
		{7C66587C-A08B-4B28-9F8F-38F312E3A39B}.AppStore|iPhoneSimulator.ActiveCfg = AppStore|iPhoneSimulator
		{7C66587C-A08B-4B28-9F8F-38F312E3A39B}.AppStore|iPhoneSimulator.Build.0 = AppStore|iPhoneSimulator
		{7C66587C-A08B-4B28-9F8F-38F312E3A39B}.AppStore|x64.ActiveCfg = AppStore|iPhone
		{7C66587C-A08B-4B28-9F8F-38F312E3A39B}.AppStore|x86.ActiveCfg = AppStore|iPhone
		{7C66587C-A08B-4B28-9F8F-38F312E3A39B}.Debug|Any CPU.ActiveCfg = Debug|iPhone
		{7C66587C-A08B-4B28-9F8F-38F312E3A39B}.Debug|ARM.ActiveCfg = Debug|iPhone
		{7C66587C-A08B-4B28-9F8F-38F312E3A39B}.Debug|iPhone.ActiveCfg = Debug|iPhone
		{7C66587C-A08B-4B28-9F8F-38F312E3A39B}.Debug|iPhone.Build.0 = Debug|iPhone
		{7C66587C-A08B-4B28-9F8F-38F312E3A39B}.Debug|iPhoneSimulator.ActiveCfg = Debug|iPhoneSimulator
		{7C66587C-A08B-4B28-9F8F-38F312E3A39B}.Debug|iPhoneSimulator.Build.0 = Debug|iPhoneSimulator
		{7C66587C-A08B-4B28-9F8F-38F312E3A39B}.Debug|x64.ActiveCfg = Debug|iPhone
		{7C66587C-A08B-4B28-9F8F-38F312E3A39B}.Debug|x86.ActiveCfg = Debug|iPhone
		{7C66587C-A08B-4B28-9F8F-38F312E3A39B}.Release|Any CPU.ActiveCfg = Release|iPhone
		{7C66587C-A08B-4B28-9F8F-38F312E3A39B}.Release|ARM.ActiveCfg = Release|iPhone
		{7C66587C-A08B-4B28-9F8F-38F312E3A39B}.Release|iPhone.ActiveCfg = Release|iPhone
		{7C66587C-A08B-4B28-9F8F-38F312E3A39B}.Release|iPhone.Build.0 = Release|iPhone
		{7C66587C-A08B-4B28-9F8F-38F312E3A39B}.Release|iPhoneSimulator.ActiveCfg = Release|iPhoneSimulator
		{7C66587C-A08B-4B28-9F8F-38F312E3A39B}.Release|iPhoneSimulator.Build.0 = Release|iPhoneSimulator
		{7C66587C-A08B-4B28-9F8F-38F312E3A39B}.Release|x64.ActiveCfg = Release|iPhone
		{7C66587C-A08B-4B28-9F8F-38F312E3A39B}.Release|x86.ActiveCfg = Release|iPhone
		{35CF52FB-2981-4267-937B-24A145532AFE}.Ad-Hoc|Any CPU.ActiveCfg = Release|Any CPU
		{35CF52FB-2981-4267-937B-24A145532AFE}.Ad-Hoc|Any CPU.Build.0 = Release|Any CPU
		{35CF52FB-2981-4267-937B-24A145532AFE}.Ad-Hoc|Any CPU.Deploy.0 = Release|Any CPU
		{35CF52FB-2981-4267-937B-24A145532AFE}.Ad-Hoc|ARM.ActiveCfg = Release|ARM
		{35CF52FB-2981-4267-937B-24A145532AFE}.Ad-Hoc|ARM.Build.0 = Release|ARM
		{35CF52FB-2981-4267-937B-24A145532AFE}.Ad-Hoc|ARM.Deploy.0 = Release|ARM
		{35CF52FB-2981-4267-937B-24A145532AFE}.Ad-Hoc|iPhone.ActiveCfg = Release|Any CPU
		{35CF52FB-2981-4267-937B-24A145532AFE}.Ad-Hoc|iPhone.Build.0 = Release|Any CPU
		{35CF52FB-2981-4267-937B-24A145532AFE}.Ad-Hoc|iPhone.Deploy.0 = Release|Any CPU
		{35CF52FB-2981-4267-937B-24A145532AFE}.Ad-Hoc|iPhoneSimulator.ActiveCfg = Release|Any CPU
		{35CF52FB-2981-4267-937B-24A145532AFE}.Ad-Hoc|iPhoneSimulator.Build.0 = Release|Any CPU
		{35CF52FB-2981-4267-937B-24A145532AFE}.Ad-Hoc|iPhoneSimulator.Deploy.0 = Release|Any CPU
		{35CF52FB-2981-4267-937B-24A145532AFE}.Ad-Hoc|x64.ActiveCfg = Release|Any CPU
		{35CF52FB-2981-4267-937B-24A145532AFE}.Ad-Hoc|x64.Build.0 = Release|Any CPU
		{35CF52FB-2981-4267-937B-24A145532AFE}.Ad-Hoc|x64.Deploy.0 = Release|Any CPU
		{35CF52FB-2981-4267-937B-24A145532AFE}.Ad-Hoc|x86.ActiveCfg = Release|x86
		{35CF52FB-2981-4267-937B-24A145532AFE}.Ad-Hoc|x86.Build.0 = Release|x86
		{35CF52FB-2981-4267-937B-24A145532AFE}.Ad-Hoc|x86.Deploy.0 = Release|x86
		{35CF52FB-2981-4267-937B-24A145532AFE}.AppStore|Any CPU.ActiveCfg = Release|Any CPU
		{35CF52FB-2981-4267-937B-24A145532AFE}.AppStore|Any CPU.Build.0 = Release|Any CPU
		{35CF52FB-2981-4267-937B-24A145532AFE}.AppStore|Any CPU.Deploy.0 = Release|Any CPU
		{35CF52FB-2981-4267-937B-24A145532AFE}.AppStore|ARM.ActiveCfg = Release|ARM
		{35CF52FB-2981-4267-937B-24A145532AFE}.AppStore|ARM.Build.0 = Release|ARM
		{35CF52FB-2981-4267-937B-24A145532AFE}.AppStore|ARM.Deploy.0 = Release|ARM
		{35CF52FB-2981-4267-937B-24A145532AFE}.AppStore|iPhone.ActiveCfg = Release|Any CPU
		{35CF52FB-2981-4267-937B-24A145532AFE}.AppStore|iPhone.Build.0 = Release|Any CPU
		{35CF52FB-2981-4267-937B-24A145532AFE}.AppStore|iPhone.Deploy.0 = Release|Any CPU
		{35CF52FB-2981-4267-937B-24A145532AFE}.AppStore|iPhoneSimulator.ActiveCfg = Release|Any CPU
		{35CF52FB-2981-4267-937B-24A145532AFE}.AppStore|iPhoneSimulator.Build.0 = Release|Any CPU
		{35CF52FB-2981-4267-937B-24A145532AFE}.AppStore|iPhoneSimulator.Deploy.0 = Release|Any CPU
		{35CF52FB-2981-4267-937B-24A145532AFE}.AppStore|x64.ActiveCfg = Release|Any CPU
		{35CF52FB-2981-4267-937B-24A145532AFE}.AppStore|x64.Build.0 = Release|Any CPU
		{35CF52FB-2981-4267-937B-24A145532AFE}.AppStore|x64.Deploy.0 = Release|Any CPU
		{35CF52FB-2981-4267-937B-24A145532AFE}.AppStore|x86.ActiveCfg = Release|x86
		{35CF52FB-2981-4267-937B-24A145532AFE}.AppStore|x86.Build.0 = Release|x86
		{35CF52FB-2981-4267-937B-24A145532AFE}.AppStore|x86.Deploy.0 = Release|x86
		{35CF52FB-2981-4267-937B-24A145532AFE}.Debug|Any CPU.ActiveCfg = Debug|Any CPU
		{35CF52FB-2981-4267-937B-24A145532AFE}.Debug|Any CPU.Build.0 = Debug|Any CPU
		{35CF52FB-2981-4267-937B-24A145532AFE}.Debug|Any CPU.Deploy.0 = Debug|Any CPU
		{35CF52FB-2981-4267-937B-24A145532AFE}.Debug|ARM.ActiveCfg = Debug|ARM
		{35CF52FB-2981-4267-937B-24A145532AFE}.Debug|ARM.Build.0 = Debug|ARM
		{35CF52FB-2981-4267-937B-24A145532AFE}.Debug|ARM.Deploy.0 = Debug|ARM
		{35CF52FB-2981-4267-937B-24A145532AFE}.Debug|iPhone.ActiveCfg = Debug|Any CPU
		{35CF52FB-2981-4267-937B-24A145532AFE}.Debug|iPhone.Build.0 = Debug|Any CPU
		{35CF52FB-2981-4267-937B-24A145532AFE}.Debug|iPhone.Deploy.0 = Debug|Any CPU
		{35CF52FB-2981-4267-937B-24A145532AFE}.Debug|iPhoneSimulator.ActiveCfg = Debug|Any CPU
		{35CF52FB-2981-4267-937B-24A145532AFE}.Debug|iPhoneSimulator.Build.0 = Debug|Any CPU
		{35CF52FB-2981-4267-937B-24A145532AFE}.Debug|iPhoneSimulator.Deploy.0 = Debug|Any CPU
		{35CF52FB-2981-4267-937B-24A145532AFE}.Debug|x64.ActiveCfg = Debug|Any CPU
		{35CF52FB-2981-4267-937B-24A145532AFE}.Debug|x64.Build.0 = Debug|Any CPU
		{35CF52FB-2981-4267-937B-24A145532AFE}.Debug|x64.Deploy.0 = Debug|Any CPU
		{35CF52FB-2981-4267-937B-24A145532AFE}.Debug|x86.ActiveCfg = Debug|x86
		{35CF52FB-2981-4267-937B-24A145532AFE}.Debug|x86.Build.0 = Debug|x86
		{35CF52FB-2981-4267-937B-24A145532AFE}.Debug|x86.Deploy.0 = Debug|x86
		{35CF52FB-2981-4267-937B-24A145532AFE}.Release|Any CPU.ActiveCfg = Release|Any CPU
		{35CF52FB-2981-4267-937B-24A145532AFE}.Release|Any CPU.Build.0 = Release|Any CPU
		{35CF52FB-2981-4267-937B-24A145532AFE}.Release|Any CPU.Deploy.0 = Release|Any CPU
		{35CF52FB-2981-4267-937B-24A145532AFE}.Release|ARM.ActiveCfg = Release|ARM
		{35CF52FB-2981-4267-937B-24A145532AFE}.Release|ARM.Build.0 = Release|ARM
		{35CF52FB-2981-4267-937B-24A145532AFE}.Release|ARM.Deploy.0 = Release|ARM
		{35CF52FB-2981-4267-937B-24A145532AFE}.Release|iPhone.ActiveCfg = Release|Any CPU
		{35CF52FB-2981-4267-937B-24A145532AFE}.Release|iPhone.Build.0 = Release|Any CPU
		{35CF52FB-2981-4267-937B-24A145532AFE}.Release|iPhone.Deploy.0 = Release|Any CPU
		{35CF52FB-2981-4267-937B-24A145532AFE}.Release|iPhoneSimulator.ActiveCfg = Release|Any CPU
		{35CF52FB-2981-4267-937B-24A145532AFE}.Release|iPhoneSimulator.Build.0 = Release|Any CPU
		{35CF52FB-2981-4267-937B-24A145532AFE}.Release|iPhoneSimulator.Deploy.0 = Release|Any CPU
		{35CF52FB-2981-4267-937B-24A145532AFE}.Release|x64.ActiveCfg = Release|Any CPU
		{35CF52FB-2981-4267-937B-24A145532AFE}.Release|x64.Build.0 = Release|Any CPU
		{35CF52FB-2981-4267-937B-24A145532AFE}.Release|x64.Deploy.0 = Release|Any CPU
		{35CF52FB-2981-4267-937B-24A145532AFE}.Release|x86.ActiveCfg = Release|x86
		{35CF52FB-2981-4267-937B-24A145532AFE}.Release|x86.Build.0 = Release|x86
		{35CF52FB-2981-4267-937B-24A145532AFE}.Release|x86.Deploy.0 = Release|x86
		{F790A89B-3EB8-4BCA-BF9A-772A43973637}.Ad-Hoc|Any CPU.ActiveCfg = Release|x86
		{F790A89B-3EB8-4BCA-BF9A-772A43973637}.Ad-Hoc|Any CPU.Build.0 = Release|x86
		{F790A89B-3EB8-4BCA-BF9A-772A43973637}.Ad-Hoc|Any CPU.Deploy.0 = Release|x86
		{F790A89B-3EB8-4BCA-BF9A-772A43973637}.Ad-Hoc|ARM.ActiveCfg = Release|ARM
		{F790A89B-3EB8-4BCA-BF9A-772A43973637}.Ad-Hoc|ARM.Build.0 = Release|ARM
		{F790A89B-3EB8-4BCA-BF9A-772A43973637}.Ad-Hoc|ARM.Deploy.0 = Release|ARM
		{F790A89B-3EB8-4BCA-BF9A-772A43973637}.Ad-Hoc|iPhone.ActiveCfg = Release|x86
		{F790A89B-3EB8-4BCA-BF9A-772A43973637}.Ad-Hoc|iPhone.Build.0 = Release|x86
		{F790A89B-3EB8-4BCA-BF9A-772A43973637}.Ad-Hoc|iPhone.Deploy.0 = Release|x86
		{F790A89B-3EB8-4BCA-BF9A-772A43973637}.Ad-Hoc|iPhoneSimulator.ActiveCfg = Release|x86
		{F790A89B-3EB8-4BCA-BF9A-772A43973637}.Ad-Hoc|iPhoneSimulator.Build.0 = Release|x86
		{F790A89B-3EB8-4BCA-BF9A-772A43973637}.Ad-Hoc|iPhoneSimulator.Deploy.0 = Release|x86
		{F790A89B-3EB8-4BCA-BF9A-772A43973637}.Ad-Hoc|x64.ActiveCfg = Release|x64
		{F790A89B-3EB8-4BCA-BF9A-772A43973637}.Ad-Hoc|x64.Build.0 = Release|x64
		{F790A89B-3EB8-4BCA-BF9A-772A43973637}.Ad-Hoc|x64.Deploy.0 = Release|x64
		{F790A89B-3EB8-4BCA-BF9A-772A43973637}.Ad-Hoc|x86.ActiveCfg = Release|x86
		{F790A89B-3EB8-4BCA-BF9A-772A43973637}.Ad-Hoc|x86.Build.0 = Release|x86
		{F790A89B-3EB8-4BCA-BF9A-772A43973637}.Ad-Hoc|x86.Deploy.0 = Release|x86
		{F790A89B-3EB8-4BCA-BF9A-772A43973637}.AppStore|Any CPU.ActiveCfg = Release|x86
		{F790A89B-3EB8-4BCA-BF9A-772A43973637}.AppStore|Any CPU.Build.0 = Release|x86
		{F790A89B-3EB8-4BCA-BF9A-772A43973637}.AppStore|Any CPU.Deploy.0 = Release|x86
		{F790A89B-3EB8-4BCA-BF9A-772A43973637}.AppStore|ARM.ActiveCfg = Release|ARM
		{F790A89B-3EB8-4BCA-BF9A-772A43973637}.AppStore|ARM.Build.0 = Release|ARM
		{F790A89B-3EB8-4BCA-BF9A-772A43973637}.AppStore|ARM.Deploy.0 = Release|ARM
		{F790A89B-3EB8-4BCA-BF9A-772A43973637}.AppStore|iPhone.ActiveCfg = Release|x86
		{F790A89B-3EB8-4BCA-BF9A-772A43973637}.AppStore|iPhone.Build.0 = Release|x86
		{F790A89B-3EB8-4BCA-BF9A-772A43973637}.AppStore|iPhone.Deploy.0 = Release|x86
		{F790A89B-3EB8-4BCA-BF9A-772A43973637}.AppStore|iPhoneSimulator.ActiveCfg = Release|x86
		{F790A89B-3EB8-4BCA-BF9A-772A43973637}.AppStore|iPhoneSimulator.Build.0 = Release|x86
		{F790A89B-3EB8-4BCA-BF9A-772A43973637}.AppStore|iPhoneSimulator.Deploy.0 = Release|x86
		{F790A89B-3EB8-4BCA-BF9A-772A43973637}.AppStore|x64.ActiveCfg = Release|x64
		{F790A89B-3EB8-4BCA-BF9A-772A43973637}.AppStore|x64.Build.0 = Release|x64
		{F790A89B-3EB8-4BCA-BF9A-772A43973637}.AppStore|x64.Deploy.0 = Release|x64
		{F790A89B-3EB8-4BCA-BF9A-772A43973637}.AppStore|x86.ActiveCfg = Release|x86
		{F790A89B-3EB8-4BCA-BF9A-772A43973637}.AppStore|x86.Build.0 = Release|x86
		{F790A89B-3EB8-4BCA-BF9A-772A43973637}.AppStore|x86.Deploy.0 = Release|x86
		{F790A89B-3EB8-4BCA-BF9A-772A43973637}.Debug|Any CPU.ActiveCfg = Debug|x86
		{F790A89B-3EB8-4BCA-BF9A-772A43973637}.Debug|ARM.ActiveCfg = Debug|ARM
		{F790A89B-3EB8-4BCA-BF9A-772A43973637}.Debug|ARM.Build.0 = Debug|ARM
		{F790A89B-3EB8-4BCA-BF9A-772A43973637}.Debug|ARM.Deploy.0 = Debug|ARM
		{F790A89B-3EB8-4BCA-BF9A-772A43973637}.Debug|iPhone.ActiveCfg = Debug|x86
		{F790A89B-3EB8-4BCA-BF9A-772A43973637}.Debug|iPhoneSimulator.ActiveCfg = Debug|x86
		{F790A89B-3EB8-4BCA-BF9A-772A43973637}.Debug|x64.ActiveCfg = Debug|x64
		{F790A89B-3EB8-4BCA-BF9A-772A43973637}.Debug|x64.Build.0 = Debug|x64
		{F790A89B-3EB8-4BCA-BF9A-772A43973637}.Debug|x64.Deploy.0 = Debug|x64
		{F790A89B-3EB8-4BCA-BF9A-772A43973637}.Debug|x86.ActiveCfg = Debug|x86
		{F790A89B-3EB8-4BCA-BF9A-772A43973637}.Debug|x86.Build.0 = Debug|x86
		{F790A89B-3EB8-4BCA-BF9A-772A43973637}.Debug|x86.Deploy.0 = Debug|x86
		{F790A89B-3EB8-4BCA-BF9A-772A43973637}.Release|Any CPU.ActiveCfg = Release|x86
		{F790A89B-3EB8-4BCA-BF9A-772A43973637}.Release|ARM.ActiveCfg = Release|ARM
		{F790A89B-3EB8-4BCA-BF9A-772A43973637}.Release|ARM.Build.0 = Release|ARM
		{F790A89B-3EB8-4BCA-BF9A-772A43973637}.Release|ARM.Deploy.0 = Release|ARM
		{F790A89B-3EB8-4BCA-BF9A-772A43973637}.Release|iPhone.ActiveCfg = Release|x86
		{F790A89B-3EB8-4BCA-BF9A-772A43973637}.Release|iPhoneSimulator.ActiveCfg = Release|x86
		{F790A89B-3EB8-4BCA-BF9A-772A43973637}.Release|x64.ActiveCfg = Release|x64
		{F790A89B-3EB8-4BCA-BF9A-772A43973637}.Release|x64.Build.0 = Release|x64
		{F790A89B-3EB8-4BCA-BF9A-772A43973637}.Release|x64.Deploy.0 = Release|x64
		{F790A89B-3EB8-4BCA-BF9A-772A43973637}.Release|x86.ActiveCfg = Release|x86
		{F790A89B-3EB8-4BCA-BF9A-772A43973637}.Release|x86.Build.0 = Release|x86
		{F790A89B-3EB8-4BCA-BF9A-772A43973637}.Release|x86.Deploy.0 = Release|x86
		{B019B1B9-5414-4A29-9739-F13BB9D33E5F}.Ad-Hoc|Any CPU.ActiveCfg = Release|Any CPU
		{B019B1B9-5414-4A29-9739-F13BB9D33E5F}.Ad-Hoc|Any CPU.Build.0 = Release|Any CPU
		{B019B1B9-5414-4A29-9739-F13BB9D33E5F}.Ad-Hoc|Any CPU.Deploy.0 = Release|Any CPU
		{B019B1B9-5414-4A29-9739-F13BB9D33E5F}.Ad-Hoc|ARM.ActiveCfg = Release|ARM
		{B019B1B9-5414-4A29-9739-F13BB9D33E5F}.Ad-Hoc|ARM.Build.0 = Release|ARM
		{B019B1B9-5414-4A29-9739-F13BB9D33E5F}.Ad-Hoc|ARM.Deploy.0 = Release|ARM
		{B019B1B9-5414-4A29-9739-F13BB9D33E5F}.Ad-Hoc|iPhone.ActiveCfg = Release|Any CPU
		{B019B1B9-5414-4A29-9739-F13BB9D33E5F}.Ad-Hoc|iPhone.Build.0 = Release|Any CPU
		{B019B1B9-5414-4A29-9739-F13BB9D33E5F}.Ad-Hoc|iPhone.Deploy.0 = Release|Any CPU
		{B019B1B9-5414-4A29-9739-F13BB9D33E5F}.Ad-Hoc|iPhoneSimulator.ActiveCfg = Release|Any CPU
		{B019B1B9-5414-4A29-9739-F13BB9D33E5F}.Ad-Hoc|iPhoneSimulator.Build.0 = Release|Any CPU
		{B019B1B9-5414-4A29-9739-F13BB9D33E5F}.Ad-Hoc|iPhoneSimulator.Deploy.0 = Release|Any CPU
		{B019B1B9-5414-4A29-9739-F13BB9D33E5F}.Ad-Hoc|x64.ActiveCfg = Release|x64
		{B019B1B9-5414-4A29-9739-F13BB9D33E5F}.Ad-Hoc|x64.Build.0 = Release|x64
		{B019B1B9-5414-4A29-9739-F13BB9D33E5F}.Ad-Hoc|x64.Deploy.0 = Release|x64
		{B019B1B9-5414-4A29-9739-F13BB9D33E5F}.Ad-Hoc|x86.ActiveCfg = Release|x86
		{B019B1B9-5414-4A29-9739-F13BB9D33E5F}.Ad-Hoc|x86.Build.0 = Release|x86
		{B019B1B9-5414-4A29-9739-F13BB9D33E5F}.Ad-Hoc|x86.Deploy.0 = Release|x86
		{B019B1B9-5414-4A29-9739-F13BB9D33E5F}.AppStore|Any CPU.ActiveCfg = Release|Any CPU
		{B019B1B9-5414-4A29-9739-F13BB9D33E5F}.AppStore|Any CPU.Build.0 = Release|Any CPU
		{B019B1B9-5414-4A29-9739-F13BB9D33E5F}.AppStore|Any CPU.Deploy.0 = Release|Any CPU
		{B019B1B9-5414-4A29-9739-F13BB9D33E5F}.AppStore|ARM.ActiveCfg = Release|ARM
		{B019B1B9-5414-4A29-9739-F13BB9D33E5F}.AppStore|ARM.Build.0 = Release|ARM
		{B019B1B9-5414-4A29-9739-F13BB9D33E5F}.AppStore|ARM.Deploy.0 = Release|ARM
		{B019B1B9-5414-4A29-9739-F13BB9D33E5F}.AppStore|iPhone.ActiveCfg = Release|Any CPU
		{B019B1B9-5414-4A29-9739-F13BB9D33E5F}.AppStore|iPhone.Build.0 = Release|Any CPU
		{B019B1B9-5414-4A29-9739-F13BB9D33E5F}.AppStore|iPhone.Deploy.0 = Release|Any CPU
		{B019B1B9-5414-4A29-9739-F13BB9D33E5F}.AppStore|iPhoneSimulator.ActiveCfg = Release|Any CPU
		{B019B1B9-5414-4A29-9739-F13BB9D33E5F}.AppStore|iPhoneSimulator.Build.0 = Release|Any CPU
		{B019B1B9-5414-4A29-9739-F13BB9D33E5F}.AppStore|iPhoneSimulator.Deploy.0 = Release|Any CPU
		{B019B1B9-5414-4A29-9739-F13BB9D33E5F}.AppStore|x64.ActiveCfg = Release|x64
		{B019B1B9-5414-4A29-9739-F13BB9D33E5F}.AppStore|x64.Build.0 = Release|x64
		{B019B1B9-5414-4A29-9739-F13BB9D33E5F}.AppStore|x64.Deploy.0 = Release|x64
		{B019B1B9-5414-4A29-9739-F13BB9D33E5F}.AppStore|x86.ActiveCfg = Release|x86
		{B019B1B9-5414-4A29-9739-F13BB9D33E5F}.AppStore|x86.Build.0 = Release|x86
		{B019B1B9-5414-4A29-9739-F13BB9D33E5F}.AppStore|x86.Deploy.0 = Release|x86
		{B019B1B9-5414-4A29-9739-F13BB9D33E5F}.Debug|Any CPU.ActiveCfg = Debug|Any CPU
		{B019B1B9-5414-4A29-9739-F13BB9D33E5F}.Debug|Any CPU.Build.0 = Debug|Any CPU
		{B019B1B9-5414-4A29-9739-F13BB9D33E5F}.Debug|Any CPU.Deploy.0 = Debug|Any CPU
		{B019B1B9-5414-4A29-9739-F13BB9D33E5F}.Debug|ARM.ActiveCfg = Debug|ARM
		{B019B1B9-5414-4A29-9739-F13BB9D33E5F}.Debug|ARM.Build.0 = Debug|ARM
		{B019B1B9-5414-4A29-9739-F13BB9D33E5F}.Debug|ARM.Deploy.0 = Debug|ARM
		{B019B1B9-5414-4A29-9739-F13BB9D33E5F}.Debug|iPhone.ActiveCfg = Debug|Any CPU
		{B019B1B9-5414-4A29-9739-F13BB9D33E5F}.Debug|iPhone.Build.0 = Debug|Any CPU
		{B019B1B9-5414-4A29-9739-F13BB9D33E5F}.Debug|iPhone.Deploy.0 = Debug|Any CPU
		{B019B1B9-5414-4A29-9739-F13BB9D33E5F}.Debug|iPhoneSimulator.ActiveCfg = Debug|Any CPU
		{B019B1B9-5414-4A29-9739-F13BB9D33E5F}.Debug|iPhoneSimulator.Build.0 = Debug|Any CPU
		{B019B1B9-5414-4A29-9739-F13BB9D33E5F}.Debug|iPhoneSimulator.Deploy.0 = Debug|Any CPU
		{B019B1B9-5414-4A29-9739-F13BB9D33E5F}.Debug|x64.ActiveCfg = Debug|x64
		{B019B1B9-5414-4A29-9739-F13BB9D33E5F}.Debug|x64.Build.0 = Debug|x64
		{B019B1B9-5414-4A29-9739-F13BB9D33E5F}.Debug|x64.Deploy.0 = Debug|x64
		{B019B1B9-5414-4A29-9739-F13BB9D33E5F}.Debug|x86.ActiveCfg = Debug|x86
		{B019B1B9-5414-4A29-9739-F13BB9D33E5F}.Debug|x86.Build.0 = Debug|x86
		{B019B1B9-5414-4A29-9739-F13BB9D33E5F}.Debug|x86.Deploy.0 = Debug|x86
		{B019B1B9-5414-4A29-9739-F13BB9D33E5F}.Release|Any CPU.ActiveCfg = Release|Any CPU
		{B019B1B9-5414-4A29-9739-F13BB9D33E5F}.Release|Any CPU.Build.0 = Release|Any CPU
		{B019B1B9-5414-4A29-9739-F13BB9D33E5F}.Release|Any CPU.Deploy.0 = Release|Any CPU
		{B019B1B9-5414-4A29-9739-F13BB9D33E5F}.Release|ARM.ActiveCfg = Release|ARM
		{B019B1B9-5414-4A29-9739-F13BB9D33E5F}.Release|ARM.Build.0 = Release|ARM
		{B019B1B9-5414-4A29-9739-F13BB9D33E5F}.Release|ARM.Deploy.0 = Release|ARM
		{B019B1B9-5414-4A29-9739-F13BB9D33E5F}.Release|iPhone.ActiveCfg = Release|Any CPU
		{B019B1B9-5414-4A29-9739-F13BB9D33E5F}.Release|iPhone.Build.0 = Release|Any CPU
		{B019B1B9-5414-4A29-9739-F13BB9D33E5F}.Release|iPhone.Deploy.0 = Release|Any CPU
		{B019B1B9-5414-4A29-9739-F13BB9D33E5F}.Release|iPhoneSimulator.ActiveCfg = Release|Any CPU
		{B019B1B9-5414-4A29-9739-F13BB9D33E5F}.Release|iPhoneSimulator.Build.0 = Release|Any CPU
		{B019B1B9-5414-4A29-9739-F13BB9D33E5F}.Release|iPhoneSimulator.Deploy.0 = Release|Any CPU
		{B019B1B9-5414-4A29-9739-F13BB9D33E5F}.Release|x64.ActiveCfg = Release|x64
		{B019B1B9-5414-4A29-9739-F13BB9D33E5F}.Release|x64.Build.0 = Release|x64
		{B019B1B9-5414-4A29-9739-F13BB9D33E5F}.Release|x64.Deploy.0 = Release|x64
		{B019B1B9-5414-4A29-9739-F13BB9D33E5F}.Release|x86.ActiveCfg = Release|x86
		{B019B1B9-5414-4A29-9739-F13BB9D33E5F}.Release|x86.Build.0 = Release|x86
		{B019B1B9-5414-4A29-9739-F13BB9D33E5F}.Release|x86.Deploy.0 = Release|x86
	EndGlobalSection
	GlobalSection(SolutionProperties) = preSolution
		HideSolutionNode = FALSE
	EndGlobalSection
EndGlobal
